{
  "requires": true,
  "lockfileVersion": 1,
  "dependencies": {
    "@types/googlemaps": {
      "version": "3.30.19",
      "resolved": "https://registry.npmjs.org/@types/googlemaps/-/googlemaps-3.30.19.tgz",
      "integrity": "sha512-9uzg5jC6FRyAsMrhOLnUbblyN1xbcOVnqecQZxrnCDxTKssn4lwk0K4EWsw/sw8cJX32MFRMivyAT8dX/JBatg=="
    }
  }
}
